
Microsoft Visual Studio Solution File, Format Version 12.00
# Visual Studio Version 17
VisualStudioVersion = 17.4.33205.214
MinimumVisualStudioVersion = 10.0.40219.1
Project("{9A19103F-16F7-4668-BE54-9A1E7A4F7556}") = "SocialNetwork", "SocialNetwork\SocialNetwork.csproj", "{585428E3-DD5C-476F-9C1E-DA8327D8A776}"
EndProject
Project("{FAE04EC0-301F-11D3-BF4B-00C04F79EFBC}") = "SocialNetwork.Tests", "SocialNetwork.Tests1\SocialNetwork.Tests.csproj", "{7C34DDA1-0447-44AE-BBF6-27270F969FD3}"
EndProject
Global
	GlobalSection(SolutionConfigurationPlatforms) = preSolution
		Debug|Any CPU = Debug|Any CPU
		Release|Any CPU = Release|Any CPU
	EndGlobalSection
	GlobalSection(ProjectConfigurationPlatforms) = postSolution
		{585428E3-DD5C-476F-9C1E-DA8327D8A776}.Debug|Any CPU.ActiveCfg = Debug|Any CPU
		{585428E3-DD5C-476F-9C1E-DA8327D8A776}.Debug|Any CPU.Build.0 = Debug|Any CPU
		{585428E3-DD5C-476F-9C1E-DA8327D8A776}.Release|Any CPU.ActiveCfg = Release|Any CPU
		{585428E3-DD5C-476F-9C1E-DA8327D8A776}.Release|Any CPU.Build.0 = Release|Any CPU
		{7C34DDA1-0447-44AE-BBF6-27270F969FD3}.Debug|Any CPU.ActiveCfg = Debug|Any CPU
		{7C34DDA1-0447-44AE-BBF6-27270F969FD3}.Debug|Any CPU.Build.0 = Debug|Any CPU
		{7C34DDA1-0447-44AE-BBF6-27270F969FD3}.Release|Any CPU.ActiveCfg = Release|Any CPU
		{7C34DDA1-0447-44AE-BBF6-27270F969FD3}.Release|Any CPU.Build.0 = Release|Any CPU
	EndGlobalSection
	GlobalSection(SolutionProperties) = preSolution
		HideSolutionNode = FALSE
	EndGlobalSection
	GlobalSection(ExtensibilityGlobals) = postSolution
		SolutionGuid = {66637002-0B8A-492C-B4F1-D2A9BC37493F}
	EndGlobalSection
EndGlobal
